// !$*UTF8*$!
{
	archiveVersion = 1;
	classes = {
	};
	objectVersion = 50;
	objects = {

/* Begin PBXBuildFile section */
		3F78215F22D4C62F005E47BB /* AppDelegate.swift in Sources */ = {isa = PBXBuildFile; fileRef = 3F78215E22D4C62F005E47BB /* AppDelegate.swift */; };
		3F78216122D4C62F005E47BB /* TodoListViewController.swift in Sources */ = {isa = PBXBuildFile; fileRef = 3F78216022D4C62F005E47BB /* TodoListViewController.swift */; };
		3F78216422D4C630005E47BB /* Main.storyboard in Resources */ = {isa = PBXBuildFile; fileRef = 3F78216222D4C630005E47BB /* Main.storyboard */; };
		3F78216722D4C630005E47BB /* Todo.xcdatamodeld in Sources */ = {isa = PBXBuildFile; fileRef = 3F78216522D4C630005E47BB /* Todo.xcdatamodeld */; };
		3F78216922D4C632005E47BB /* Assets.xcassets in Resources */ = {isa = PBXBuildFile; fileRef = 3F78216822D4C632005E47BB /* Assets.xcassets */; };
		3F78216C22D4C632005E47BB /* LaunchScreen.storyboard in Resources */ = {isa = PBXBuildFile; fileRef = 3F78216A22D4C632005E47BB /* LaunchScreen.storyboard */; };
		3FB6BAFD22D593050088420A /* DataModel.xcdatamodeld in Sources */ = {isa = PBXBuildFile; fileRef = 3FB6BAFB22D593050088420A /* DataModel.xcdatamodeld */; };
		3FB6BAFF22D5C0680088420A /* CategoryViewController.swift in Sources */ = {isa = PBXBuildFile; fileRef = 3FB6BAFE22D5C0680088420A /* CategoryViewController.swift */; };
		3FBB801922D62C9A00F23A19 /* Item.swift in Sources */ = {isa = PBXBuildFile; fileRef = 3FBB801822D62C9A00F23A19 /* Item.swift */; };
		3FBB801B22D62CAA00F23A19 /* Category.swift in Sources */ = {isa = PBXBuildFile; fileRef = 3FBB801A22D62CAA00F23A19 /* Category.swift */; };
		F67B6E175F27AC549D8E1843 /* Pods_Todo.framework in Frameworks */ = {isa = PBXBuildFile; fileRef = 65ABE97B3F9F8FF30FE6FF9E /* Pods_Todo.framework */; };
/* End PBXBuildFile section */

/* Begin PBXFileReference section */
		3F78215B22D4C62F005E47BB /* Todo.app */ = {isa = PBXFileReference; explicitFileType = wrapper.application; includeInIndex = 0; path = Todo.app; sourceTree = BUILT_PRODUCTS_DIR; };
		3F78215E22D4C62F005E47BB /* AppDelegate.swift */ = {isa = PBXFileReference; lastKnownFileType = sourcecode.swift; path = AppDelegate.swift; sourceTree = "<group>"; };
		3F78216022D4C62F005E47BB /* TodoListViewController.swift */ = {isa = PBXFileReference; lastKnownFileType = sourcecode.swift; path = TodoListViewController.swift; sourceTree = "<group>"; };
		3F78216322D4C630005E47BB /* Base */ = {isa = PBXFileReference; lastKnownFileType = file.storyboard; name = Base; path = Base.lproj/Main.storyboard; sourceTree = "<group>"; };
		3F78216622D4C630005E47BB /* Todo.xcdatamodel */ = {isa = PBXFileReference; lastKnownFileType = wrapper.xcdatamodel; path = Todo.xcdatamodel; sourceTree = "<group>"; };
		3F78216822D4C632005E47BB /* Assets.xcassets */ = {isa = PBXFileReference; lastKnownFileType = folder.assetcatalog; path = Assets.xcassets; sourceTree = "<group>"; };
		3F78216B22D4C632005E47BB /* Base */ = {isa = PBXFileReference; lastKnownFileType = file.storyboard; name = Base; path = Base.lproj/LaunchScreen.storyboard; sourceTree = "<group>"; };
		3F78216D22D4C632005E47BB /* Info.plist */ = {isa = PBXFileReference; lastKnownFileType = text.plist.xml; path = Info.plist; sourceTree = "<group>"; };
		3FB6BAFC22D593050088420A /* DataModel.xcdatamodel */ = {isa = PBXFileReference; lastKnownFileType = wrapper.xcdatamodel; path = DataModel.xcdatamodel; sourceTree = "<group>"; };
		3FB6BAFE22D5C0680088420A /* CategoryViewController.swift */ = {isa = PBXFileReference; lastKnownFileType = sourcecode.swift; path = CategoryViewController.swift; sourceTree = "<group>"; };
		3FBB801822D62C9A00F23A19 /* Item.swift */ = {isa = PBXFileReference; lastKnownFileType = sourcecode.swift; path = Item.swift; sourceTree = "<group>"; };
		3FBB801A22D62CAA00F23A19 /* Category.swift */ = {isa = PBXFileReference; lastKnownFileType = sourcecode.swift; path = Category.swift; sourceTree = "<group>"; };
		65ABE97B3F9F8FF30FE6FF9E /* Pods_Todo.framework */ = {isa = PBXFileReference; explicitFileType = wrapper.framework; includeInIndex = 0; path = Pods_Todo.framework; sourceTree = BUILT_PRODUCTS_DIR; };
		88ECFEAFA5F94C2D92B0D621 /* Pods-Todo.debug.xcconfig */ = {isa = PBXFileReference; includeInIndex = 1; lastKnownFileType = text.xcconfig; name = "Pods-Todo.debug.xcconfig"; path = "Target Support Files/Pods-Todo/Pods-Todo.debug.xcconfig"; sourceTree = "<group>"; };
		BB3AD2B3764AD95E51B9B302 /* Pods-Todo.release.xcconfig */ = {isa = PBXFileReference; includeInIndex = 1; lastKnownFileType = text.xcconfig; name = "Pods-Todo.release.xcconfig"; path = "Target Support Files/Pods-Todo/Pods-Todo.release.xcconfig"; sourceTree = "<group>"; };
/* End PBXFileReference section */

/* Begin PBXFrameworksBuildPhase section */
		3F78215822D4C62F005E47BB /* Frameworks */ = {
			isa = PBXFrameworksBuildPhase;
			buildActionMask = 2147483647;
			files = (
				F67B6E175F27AC549D8E1843 /* Pods_Todo.framework in Frameworks */,
			);
			runOnlyForDeploymentPostprocessing = 0;
		};
/* End PBXFrameworksBuildPhase section */

/* Begin PBXGroup section */
		1ADAF6B4B4AC3A3ACBFEFC4A /* Frameworks */ = {
			isa = PBXGroup;
			children = (
				65ABE97B3F9F8FF30FE6FF9E /* Pods_Todo.framework */,
			);
			name = Frameworks;
			sourceTree = "<group>";
		};
		3F78215222D4C62F005E47BB = {
			isa = PBXGroup;
			children = (
				3F78215D22D4C62F005E47BB /* Todo */,
				3F78215C22D4C62F005E47BB /* Products */,
				445EC2E6C36C7646A7ACF6E1 /* Pods */,
				1ADAF6B4B4AC3A3ACBFEFC4A /* Frameworks */,
			);
			sourceTree = "<group>";
		};
		3F78215C22D4C62F005E47BB /* Products */ = {
			isa = PBXGroup;
			children = (
				3F78215B22D4C62F005E47BB /* Todo.app */,
			);
			name = Products;
			sourceTree = "<group>";
		};
		3F78215D22D4C62F005E47BB /* Todo */ = {
			isa = PBXGroup;
			children = (
				3FB6BAFA22D57ED40088420A /* Supporting Files */,
				3FB6BAF822D57EA80088420A /* Models */,
				3FB6BAF922D57EB10088420A /* Views */,
				3FB6BAF722D57E880088420A /* Controllers */,
				3F78215E22D4C62F005E47BB /* AppDelegate.swift */,
				3F78216D22D4C632005E47BB /* Info.plist */,
				3F78216522D4C630005E47BB /* Todo.xcdatamodeld */,
			);
			path = Todo;
			sourceTree = "<group>";
		};
		3FB6BAF722D57E880088420A /* Controllers */ = {
			isa = PBXGroup;
			children = (
				3F78216022D4C62F005E47BB /* TodoListViewController.swift */,
				3FB6BAFE22D5C0680088420A /* CategoryViewController.swift */,
			);
			path = Controllers;
			sourceTree = "<group>";
		};
		3FB6BAF822D57EA80088420A /* Models */ = {
			isa = PBXGroup;
			children = (
				3FB6BAFB22D593050088420A /* DataModel.xcdatamodeld */,
				3FBB801822D62C9A00F23A19 /* Item.swift */,
				3FBB801A22D62CAA00F23A19 /* Category.swift */,
			);
			path = Models;
			sourceTree = "<group>";
		};
		3FB6BAF922D57EB10088420A /* Views */ = {
			isa = PBXGroup;
			children = (
				3F78216222D4C630005E47BB /* Main.storyboard */,
			);
			path = Views;
			sourceTree = "<group>";
		};
		3FB6BAFA22D57ED40088420A /* Supporting Files */ = {
			isa = PBXGroup;
			children = (
				3F78216822D4C632005E47BB /* Assets.xcassets */,
				3F78216A22D4C632005E47BB /* LaunchScreen.storyboard */,
			);
			path = "Supporting Files";
			sourceTree = "<group>";
		};
		445EC2E6C36C7646A7ACF6E1 /* Pods */ = {
			isa = PBXGroup;
			children = (
				88ECFEAFA5F94C2D92B0D621 /* Pods-Todo.debug.xcconfig */,
				BB3AD2B3764AD95E51B9B302 /* Pods-Todo.release.xcconfig */,
			);
			path = Pods;
			sourceTree = "<group>";
		};
/* End PBXGroup section */

/* Begin PBXNativeTarget section */
		3F78215A22D4C62F005E47BB /* Todo */ = {
			isa = PBXNativeTarget;
			buildConfigurationList = 3F78217022D4C632005E47BB /* Build configuration list for PBXNativeTarget "Todo" */;
			buildPhases = (
				53423DF8C8E447EB40FDC286 /* [CP] Check Pods Manifest.lock */,
				3F78215722D4C62F005E47BB /* Sources */,
				3F78215822D4C62F005E47BB /* Frameworks */,
				3F78215922D4C62F005E47BB /* Resources */,
				965578FB07A18C60DCF904E6 /* [CP] Embed Pods Frameworks */,
			);
			buildRules = (
			);
			dependencies = (
			);
			name = Todo;
			productName = Todo;
			productReference = 3F78215B22D4C62F005E47BB /* Todo.app */;
			productType = "com.apple.product-type.application";
		};
/* End PBXNativeTarget section */

/* Begin PBXProject section */
		3F78215322D4C62F005E47BB /* Project object */ = {
			isa = PBXProject;
			attributes = {
				LastSwiftUpdateCheck = 1010;
				LastUpgradeCheck = 1010;
				ORGANIZATIONNAME = CoderDream;
				TargetAttributes = {
					3F78215A22D4C62F005E47BB = {
						CreatedOnToolsVersion = 10.1;
					};
				};
			};
			buildConfigurationList = 3F78215622D4C62F005E47BB /* Build configuration list for PBXProject "Todo" */;
			compatibilityVersion = "Xcode 9.3";
			developmentRegion = en;
			hasScannedForEncodings = 0;
			knownRegions = (
				en,
				Base,
			);
			mainGroup = 3F78215222D4C62F005E47BB;
			productRefGroup = 3F78215C22D4C62F005E47BB /* Products */;
			projectDirPath = "";
			projectRoot = "";
			targets = (
				3F78215A22D4C62F005E47BB /* Todo */,
			);
		};
/* End PBXProject section */

/* Begin PBXResourcesBuildPhase section */
		3F78215922D4C62F005E47BB /* Resources */ = {
			isa = PBXResourcesBuildPhase;
			buildActionMask = 2147483647;
			files = (
				3F78216C22D4C632005E47BB /* LaunchScreen.storyboard in Resources */,
				3F78216922D4C632005E47BB /* Assets.xcassets in Resources */,
				3F78216422D4C630005E47BB /* Main.storyboard in Resources */,
			);
			runOnlyForDeploymentPostprocessing = 0;
		};
/* End PBXResourcesBuildPhase section */

/* Begin PBXShellScriptBuildPhase section */
		53423DF8C8E447EB40FDC286 /* [CP] Check Pods Manifest.lock */ = {
			isa = PBXShellScriptBuildPhase;
			buildActionMask = 2147483647;
			files = (
			);
			inputFileListPaths = (
			);
			inputPaths = (
				"${PODS_PODFILE_DIR_PATH}/Podfile.lock",
				"${PODS_ROOT}/Manifest.lock",
			);
			name = "[CP] Check Pods Manifest.lock";
			outputFileListPaths = (
			);
			outputPaths = (
				"$(DERIVED_FILE_DIR)/Pods-Todo-checkManifestLockResult.txt",
			);
			runOnlyForDeploymentPostprocessing = 0;
			shellPath = /bin/sh;
			shellScript = "diff \"${PODS_PODFILE_DIR_PATH}/Podfile.lock\" \"${PODS_ROOT}/Manifest.lock\" > /dev/null\nif [ $? != 0 ] ; then\n    # print error to STDERR\n    echo \"error: The sandbox is not in sync with the Podfile.lock. Run 'pod install' or update your CocoaPods installation.\" >&2\n    exit 1\nfi\n# This output is used by Xcode 'outputs' to avoid re-running this script phase.\necho \"SUCCESS\" > \"${SCRIPT_OUTPUT_FILE_0}\"\n";
			showEnvVarsInLog = 0;
		};
		965578FB07A18C60DCF904E6 /* [CP] Embed Pods Frameworks */ = {
			isa = PBXShellScriptBuildPhase;
			buildActionMask = 2147483647;
			files = (
			);
			inputFileListPaths = (
			);
			inputPaths = (
				"${PODS_ROOT}/Target Support Files/Pods-Todo/Pods-Todo-frameworks.sh",
				"${BUILT_PRODUCTS_DIR}/Realm/Realm.framework",
				"${BUILT_PRODUCTS_DIR}/RealmSwift/RealmSwift.framework",
			);
			name = "[CP] Embed Pods Frameworks";
			outputFileListPaths = (
			);
			outputPaths = (
				"${TARGET_BUILD_DIR}/${FRAMEWORKS_FOLDER_PATH}/Realm.framework",
				"${TARGET_BUILD_DIR}/${FRAMEWORKS_FOLDER_PATH}/RealmSwift.framework",
			);
			runOnlyForDeploymentPostprocessing = 0;
			shellPath = /bin/sh;
			shellScript = "\"${PODS_ROOT}/Target Support Files/Pods-Todo/Pods-Todo-frameworks.sh\"\n";
			showEnvVarsInLog = 0;
		};
/* End PBXShellScriptBuildPhase section */

/* Begin PBXSourcesBuildPhase section */
		3F78215722D4C62F005E47BB /* Sources */ = {
			isa = PBXSourcesBuildPhase;
			buildActionMask = 2147483647;
			files = (
				3FB6BAFF22D5C0680088420A /* CategoryViewController.swift in Sources */,
				3FB6BAFD22D593050088420A /* DataModel.xcdatamodeld in Sources */,
				3F78216122D4C62F005E47BB /* TodoListViewController.swift in Sources */,
				3F78216722D4C630005E47BB /* Todo.xcdatamodeld in Sources */,
				3FBB801922D62C9A00F23A19 /* Item.swift in Sources */,
				3F78215F22D4C62F005E47BB /* AppDelegate.swift in Sources */,
				3FBB801B22D62CAA00F23A19 /* Category.swift in Sources */,
			);
			runOnlyForDeploymentPostprocessing = 0;
		};
/* End PBXSourcesBuildPhase section */

/* Begin PBXVariantGroup section */
		3F78216222D4C630005E47BB /* Main.storyboard */ = {
			isa = PBXVariantGroup;
			children = (
				3F78216322D4C630005E47BB /* Base */,
			);
			name = Main.storyboard;
			sourceTree = "<group>";
		};
		3F78216A22D4C632005E47BB /* LaunchScreen.storyboard */ = {
			isa = PBXVariantGroup;
			children = (
				3F78216B22D4C632005E47BB /* Base */,
			);
			name = LaunchScreen.storyboard;
			sourceTree = "<group>";
		};
/* End PBXVariantGroup section */

/* Begin XCBuildConfiguration section */
		3F78216E22D4C632005E47BB /* Debug */ = {
			isa = XCBuildConfiguration;
			buildSettings = {
				ALWAYS_SEARCH_USER_PATHS = NO;
				CLANG_ANALYZER_NONNULL = YES;
				CLANG_ANALYZER_NUMBER_OBJECT_CONVERSION = YES_AGGRESSIVE;
				CLANG_CXX_LANGUAGE_STANDARD = "gnu++14";
				CLANG_CXX_LIBRARY = "libc++";
				CLANG_ENABLE_MODULES = YES;
				CLANG_ENABLE_OBJC_ARC = YES;
				CLANG_ENABLE_OBJC_WEAK = YES;
				CLANG_WARN_BLOCK_CAPTURE_AUTORELEASING = YES;
				CLANG_WARN_BOOL_CONVERSION = YES;
				CLANG_WARN_COMMA = YES;
				CLANG_WARN_CONSTANT_CONVERSION = YES;
				CLANG_WARN_DEPRECATED_OBJC_IMPLEMENTATIONS = YES;
				CLANG_WARN_DIRECT_OBJC_ISA_USAGE = YES_ERROR;
				CLANG_WARN_DOCUMENTATION_COMMENTS = YES;
				CLANG_WARN_EMPTY_BODY = YES;
				CLANG_WARN_ENUM_CONVERSION = YES;
				CLANG_WARN_INFINITE_RECURSION = YES;
				CLANG_WARN_INT_CONVERSION = YES;
				CLANG_WARN_NON_LITERAL_NULL_CONVERSION = YES;
				CLANG_WARN_OBJC_IMPLICIT_RETAIN_SELF = YES;
				CLANG_WARN_OBJC_LITERAL_CONVERSION = YES;
				CLANG_WARN_OBJC_ROOT_CLASS = YES_ERROR;
				CLANG_WARN_RANGE_LOOP_ANALYSIS = YES;
				CLANG_WARN_STRICT_PROTOTYPES = YES;
				CLANG_WARN_SUSPICIOUS_MOVE = YES;
				CLANG_WARN_UNGUARDED_AVAILABILITY = YES_AGGRESSIVE;
				CLANG_WARN_UNREACHABLE_CODE = YES;
				CLANG_WARN__DUPLICATE_METHOD_MATCH = YES;
				CODE_SIGN_IDENTITY = "iPhone Developer";
				COPY_PHASE_STRIP = NO;
				DEBUG_INFORMATION_FORMAT = dwarf;
				ENABLE_STRICT_OBJC_MSGSEND = YES;
				ENABLE_TESTABILITY = YES;
				GCC_C_LANGUAGE_STANDARD = gnu11;
				GCC_DYNAMIC_NO_PIC = NO;
				GCC_NO_COMMON_BLOCKS = YES;
				GCC_OPTIMIZATION_LEVEL = 0;
				GCC_PREPROCESSOR_DEFINITIONS = (
					"DEBUG=1",
					"$(inherited)",
				);
				GCC_WARN_64_TO_32_BIT_CONVERSION = YES;
				GCC_WARN_ABOUT_RETURN_TYPE = YES_ERROR;
				GCC_WARN_UNDECLARED_SELECTOR = YES;
				GCC_WARN_UNINITIALIZED_AUTOS = YES_AGGRESSIVE;
				GCC_WARN_UNUSED_FUNCTION = YES;
				GCC_WARN_UNUSED_VARIABLE = YES;
				IPHONEOS_DEPLOYMENT_TARGET = 12.1;
				MTL_ENABLE_DEBUG_INFO = INCLUDE_SOURCE;
				MTL_FAST_MATH = YES;
				ONLY_ACTIVE_ARCH = YES;
				SDKROOT = iphoneos;
				SWIFT_ACTIVE_COMPILATION_CONDITIONS = DEBUG;
				SWIFT_OPTIMIZATION_LEVEL = "-Onone";
			};
			name = Debug;
		};
		3F78216F22D4C632005E47BB /* Release */ = {
			isa = XCBuildConfiguration;
			buildSettings = {
				ALWAYS_SEARCH_USER_PATHS = NO;
				CLANG_ANALYZER_NONNULL = YES;
				CLANG_ANALYZER_NUMBER_OBJECT_CONVERSION = YES_AGGRESSIVE;
				CLANG_CXX_LANGUAGE_STANDARD = "gnu++14";
				CLANG_CXX_LIBRARY = "libc++";
				CLANG_ENABLE_MODULES = YES;
				CLANG_ENABLE_OBJC_ARC = YES;
				CLANG_ENABLE_OBJC_WEAK = YES;
				CLANG_WARN_BLOCK_CAPTURE_AUTORELEASING = YES;
				CLANG_WARN_BOOL_CONVERSION = YES;
				CLANG_WARN_COMMA = YES;
				CLANG_WARN_CONSTANT_CONVERSION = YES;
				CLANG_WARN_DEPRECATED_OBJC_IMPLEMENTATIONS = YES;
				CLANG_WARN_DIRECT_OBJC_ISA_USAGE = YES_ERROR;
				CLANG_WARN_DOCUMENTATION_COMMENTS = YES;
				CLANG_WARN_EMPTY_BODY = YES;
				CLANG_WARN_ENUM_CONVERSION = YES;
				CLANG_WARN_INFINITE_RECURSION = YES;
				CLANG_WARN_INT_CONVERSION = YES;
				CLANG_WARN_NON_LITERAL_NULL_CONVERSION = YES;
				CLANG_WARN_OBJC_IMPLICIT_RETAIN_SELF = YES;
				CLANG_WARN_OBJC_LITERAL_CONVERSION = YES;
				CLANG_WARN_OBJC_ROOT_CLASS = YES_ERROR;
				CLANG_WARN_RANGE_LOOP_ANALYSIS = YES;
				CLANG_WARN_STRICT_PROTOTYPES = YES;
				CLANG_WARN_SUSPICIOUS_MOVE = YES;
				CLANG_WARN_UNGUARDED_AVAILABILITY = YES_AGGRESSIVE;
				CLANG_WARN_UNREACHABLE_CODE = YES;
				CLANG_WARN__DUPLICATE_METHOD_MATCH = YES;
				CODE_SIGN_IDENTITY = "iPhone Developer";
				COPY_PHASE_STRIP = NO;
				DEBUG_INFORMATION_FORMAT = "dwarf-with-dsym";
				ENABLE_NS_ASSERTIONS = NO;
				ENABLE_STRICT_OBJC_MSGSEND = YES;
				GCC_C_LANGUAGE_STANDARD = gnu11;
				GCC_NO_COMMON_BLOCKS = YES;
				GCC_WARN_64_TO_32_BIT_CONVERSION = YES;
				GCC_WARN_ABOUT_RETURN_TYPE = YES_ERROR;
				GCC_WARN_UNDECLARED_SELECTOR = YES;
				GCC_WARN_UNINITIALIZED_AUTOS = YES_AGGRESSIVE;
				GCC_WARN_UNUSED_FUNCTION = YES;
				GCC_WARN_UNUSED_VARIABLE = YES;
				IPHONEOS_DEPLOYMENT_TARGET = 12.1;
				MTL_ENABLE_DEBUG_INFO = NO;
				MTL_FAST_MATH = YES;
				SDKROOT = iphoneos;
				SWIFT_COMPILATION_MODE = wholemodule;
				SWIFT_OPTIMIZATION_LEVEL = "-O";
				VALIDATE_PRODUCT = YES;
			};
			name = Release;
		};
		3F78217122D4C632005E47BB /* Debug */ = {
			isa = XCBuildConfiguration;
			baseConfigurationReference = 88ECFEAFA5F94C2D92B0D621 /* Pods-Todo.debug.xcconfig */;
			buildSettings = {
				ASSETCATALOG_COMPILER_APPICON_NAME = AppIcon;
				CODE_SIGN_STYLE = Automatic;
				DEVELOPMENT_TEAM = 6GP5VW643M;
				INFOPLIST_FILE = Todo/Info.plist;
				LD_RUNPATH_SEARCH_PATHS = (
					"$(inherited)",
					"@executable_path/Frameworks",
				);
				PRODUCT_BUNDLE_IDENTIFIER = com.coderdream126.FoodPin;
				PRODUCT_NAME = "$(TARGET_NAME)";
				SWIFT_VERSION = 4.2;
				TARGETED_DEVICE_FAMILY = "1,2";
			};
			name = Debug;
		};
		3F78217222D4C632005E47BB /* Release */ = {
			isa = XCBuildConfiguration;
			baseConfigurationReference = BB3AD2B3764AD95E51B9B302 /* Pods-Todo.release.xcconfig */;
			buildSettings = {
				ASSETCATALOG_COMPILER_APPICON_NAME = AppIcon;
				CODE_SIGN_STYLE = Automatic;
				DEVELOPMENT_TEAM = 6GP5VW643M;
				INFOPLIST_FILE = Todo/Info.plist;
				LD_RUNPATH_SEARCH_PATHS = (
					"$(inherited)",
					"@executable_path/Frameworks",
				);
				PRODUCT_BUNDLE_IDENTIFIER = com.coderdream126.FoodPin;
				PRODUCT_NAME = "$(TARGET_NAME)";
				SWIFT_VERSION = 4.2;
				TARGETED_DEVICE_FAMILY = "1,2";
			};
			name = Release;
		};
/* End XCBuildConfiguration section */

/* Begin XCConfigurationList section */
		3F78215622D4C62F005E47BB /* Build configuration list for PBXProject "Todo" */ = {
			isa = XCConfigurationList;
			buildConfigurations = (
				3F78216E22D4C632005E47BB /* Debug */,
				3F78216F22D4C632005E47BB /* Release */,
			);
			defaultConfigurationIsVisible = 0;
			defaultConfigurationName = Release;
		};
		3F78217022D4C632005E47BB /* Build configuration list for PBXNativeTarget "Todo" */ = {
			isa = XCConfigurationList;
			buildConfigurations = (
				3F78217122D4C632005E47BB /* Debug */,
				3F78217222D4C632005E47BB /* Release */,
			);
			defaultConfigurationIsVisible = 0;
			defaultConfigurationName = Release;
		};
/* End XCConfigurationList section */

/* Begin XCVersionGroup section */
		3F78216522D4C630005E47BB /* Todo.xcdatamodeld */ = {
			isa = XCVersionGroup;
			children = (
				3F78216622D4C630005E47BB /* Todo.xcdatamodel */,
			);
			currentVersion = 3F78216622D4C630005E47BB /* Todo.xcdatamodel */;
			path = Todo.xcdatamodeld;
			sourceTree = "<group>";
			versionGroupType = wrapper.xcdatamodel;
		};
		3FB6BAFB22D593050088420A /* DataModel.xcdatamodeld */ = {
			isa = XCVersionGroup;
			children = (
				3FB6BAFC22D593050088420A /* DataModel.xcdatamodel */,
			);
			currentVersion = 3FB6BAFC22D593050088420A /* DataModel.xcdatamodel */;
			path = DataModel.xcdatamodeld;
			sourceTree = "<group>";
			versionGroupType = wrapper.xcdatamodel;
		};
/* End XCVersionGroup section */
	};
	rootObject = 3F78215322D4C62F005E47BB /* Project object */;
}
