PODS:
  - Realm (3.15.0):
    - Realm/Headers (= 3.15.0)
  - Realm/Headers (3.15.0)
  - RealmSwift (3.15.0):
    - Realm (= 3.15.0)
  - SwipeCellKit (2.5.4)

DEPENDENCIES:
  - RealmSwift (= 3.15.0)
  - SwipeCellKit (= 2.5.4)

SPEC REPOS:
  https://github.com/cocoapods/specs.git:
    - Realm
    - RealmSwift
    - SwipeCellKit

SPEC CHECKSUMS:
  Realm: 9b834e1be6062f544805252c812348872dc5d4ed
  RealmSwift: 8a41886f8ab6efef9eb8df97de2f2bb911561a79
  SwipeCellKit: 4eada3884ab1bbae5e8d2fb9030c242aa23d7f42

PODFILE CHECKSUM: b96d3e23e4a1a8c8ec9e5184864cfafef4e3451b

COCOAPODS: 1.6.1
